// !$*UTF8*$!
{
	archiveVersion = 1;
	classes = {
	};
	objectVersion = 56;
	objects = {

/* Begin PBXBuildFile section */
		8E1D4B1E2BC7A3B600FBD1EA /* AppDelegate.swift in Sources */ = {isa = PBXBuildFile; fileRef = 8E1D4B1D2BC7A3B600FBD1EA /* AppDelegate.swift */; };
		8E1D4B202BC7A3B600FBD1EA /* SceneDelegate.swift in Sources */ = {isa = PBXBuildFile; fileRef = 8E1D4B1F2BC7A3B600FBD1EA /* SceneDelegate.swift */; };
		8E1D4B222BC7A3B600FBD1EA /* ViewController.swift in Sources */ = {isa = PBXBuildFile; fileRef = 8E1D4B212BC7A3B600FBD1EA /* ViewController.swift */; };
		8E1D4B252BC7A3B600FBD1EA /* Base in Resources */ = {isa = PBXBuildFile; fileRef = 8E1D4B242BC7A3B600FBD1EA /* Base */; };
		8E1D4B272BC7A3B700FBD1EA /* Assets.xcassets in Resources */ = {isa = PBXBuildFile; fileRef = 8E1D4B262BC7A3B700FBD1EA /* Assets.xcassets */; };
		8E1D4B2A2BC7A3B700FBD1EA /* Base in Resources */ = {isa = PBXBuildFile; fileRef = 8E1D4B292BC7A3B700FBD1EA /* Base */; };
		8E1D4B332BC7A79100FBD1EA /* WishListModel.swift in Sources */ = {isa = PBXBuildFile; fileRef = 8E1D4B322BC7A79100FBD1EA /* WishListModel.swift */; };
		8EB10D182BC96B590011E4D0 /* Model.xcdatamodeld in Sources */ = {isa = PBXBuildFile; fileRef = 8EB10D162BC96B590011E4D0 /* Model.xcdatamodeld */; };
		8EFBD3612BCE5E0600A2263C /* WishListPageView.swift in Sources */ = {isa = PBXBuildFile; fileRef = 8EFBD3602BCE5E0600A2263C /* WishListPageView.swift */; };
/* End PBXBuildFile section */

/* Begin PBXFileReference section */
		8E1D4B1A2BC7A3B600FBD1EA /* WishList.app */ = {isa = PBXFileReference; explicitFileType = wrapper.application; includeInIndex = 0; path = WishList.app; sourceTree = BUILT_PRODUCTS_DIR; };
		8E1D4B1D2BC7A3B600FBD1EA /* AppDelegate.swift */ = {isa = PBXFileReference; lastKnownFileType = sourcecode.swift; path = AppDelegate.swift; sourceTree = "<group>"; };
		8E1D4B1F2BC7A3B600FBD1EA /* SceneDelegate.swift */ = {isa = PBXFileReference; lastKnownFileType = sourcecode.swift; path = SceneDelegate.swift; sourceTree = "<group>"; };
		8E1D4B212BC7A3B600FBD1EA /* ViewController.swift */ = {isa = PBXFileReference; lastKnownFileType = sourcecode.swift; path = ViewController.swift; sourceTree = "<group>"; };
		8E1D4B242BC7A3B600FBD1EA /* Base */ = {isa = PBXFileReference; lastKnownFileType = file.storyboard; name = Base; path = Base.lproj/Main.storyboard; sourceTree = "<group>"; };
		8E1D4B262BC7A3B700FBD1EA /* Assets.xcassets */ = {isa = PBXFileReference; lastKnownFileType = folder.assetcatalog; path = Assets.xcassets; sourceTree = "<group>"; };
		8E1D4B292BC7A3B700FBD1EA /* Base */ = {isa = PBXFileReference; lastKnownFileType = file.storyboard; name = Base; path = Base.lproj/LaunchScreen.storyboard; sourceTree = "<group>"; };
		8E1D4B2B2BC7A3B700FBD1EA /* Info.plist */ = {isa = PBXFileReference; lastKnownFileType = text.plist.xml; path = Info.plist; sourceTree = "<group>"; };
		8E1D4B322BC7A79100FBD1EA /* WishListModel.swift */ = {isa = PBXFileReference; lastKnownFileType = sourcecode.swift; path = WishListModel.swift; sourceTree = "<group>"; };
		8EB10D172BC96B590011E4D0 /* Model.xcdatamodel */ = {isa = PBXFileReference; lastKnownFileType = wrapper.xcdatamodel; path = Model.xcdatamodel; sourceTree = "<group>"; };
		8EFBD3602BCE5E0600A2263C /* WishListPageView.swift */ = {isa = PBXFileReference; lastKnownFileType = sourcecode.swift; path = WishListPageView.swift; sourceTree = "<group>"; };
/* End PBXFileReference section */

/* Begin PBXFrameworksBuildPhase section */
		8E1D4B172BC7A3B600FBD1EA /* Frameworks */ = {
			isa = PBXFrameworksBuildPhase;
			buildActionMask = 2147483647;
			files = (
			);
			runOnlyForDeploymentPostprocessing = 0;
		};
/* End PBXFrameworksBuildPhase section */

/* Begin PBXGroup section */
		8E1D4B112BC7A3B600FBD1EA = {
			isa = PBXGroup;
			children = (
				8E1D4B1C2BC7A3B600FBD1EA /* WishList */,
				8E1D4B1B2BC7A3B600FBD1EA /* Products */,
			);
			sourceTree = "<group>";
		};
		8E1D4B1B2BC7A3B600FBD1EA /* Products */ = {
			isa = PBXGroup;
			children = (
				8E1D4B1A2BC7A3B600FBD1EA /* WishList.app */,
			);
			name = Products;
			sourceTree = "<group>";
		};
		8E1D4B1C2BC7A3B600FBD1EA /* WishList */ = {
			isa = PBXGroup;
			children = (
				8E1D4B1D2BC7A3B600FBD1EA /* AppDelegate.swift */,
				8E1D4B1F2BC7A3B600FBD1EA /* SceneDelegate.swift */,
				8E1D4B212BC7A3B600FBD1EA /* ViewController.swift */,
				8E1D4B342BC7A84A00FBD1EA /* WishListPage */,
				8E1D4B312BC7A74C00FBD1EA /* WishListModel */,
				8E1D4B232BC7A3B600FBD1EA /* Main.storyboard */,
				8E1D4B262BC7A3B700FBD1EA /* Assets.xcassets */,
				8E1D4B282BC7A3B700FBD1EA /* LaunchScreen.storyboard */,
				8E1D4B2B2BC7A3B700FBD1EA /* Info.plist */,
				8EB10D162BC96B590011E4D0 /* Model.xcdatamodeld */,
			);
			path = WishList;
			sourceTree = "<group>";
		};
		8E1D4B312BC7A74C00FBD1EA /* WishListModel */ = {
			isa = PBXGroup;
			children = (
				8E1D4B322BC7A79100FBD1EA /* WishListModel.swift */,
			);
			path = WishListModel;
			sourceTree = "<group>";
		};
		8E1D4B342BC7A84A00FBD1EA /* WishListPage */ = {
			isa = PBXGroup;
			children = (
				8EFBD3602BCE5E0600A2263C /* WishListPageView.swift */,
			);
			name = WishListPage;
			path = WishList/WishListPage;
			sourceTree = SOURCE_ROOT;
		};
/* End PBXGroup section */

/* Begin PBXNativeTarget section */
		8E1D4B192BC7A3B600FBD1EA /* WishList */ = {
			isa = PBXNativeTarget;
			buildConfigurationList = 8E1D4B2E2BC7A3B700FBD1EA /* Build configuration list for PBXNativeTarget "WishList" */;
			buildPhases = (
				8E1D4B162BC7A3B600FBD1EA /* Sources */,
				8E1D4B172BC7A3B600FBD1EA /* Frameworks */,
				8E1D4B182BC7A3B600FBD1EA /* Resources */,
			);
			buildRules = (
			);
			dependencies = (
			);
			name = WishList;
			productName = WishList;
			productReference = 8E1D4B1A2BC7A3B600FBD1EA /* WishList.app */;
			productType = "com.apple.product-type.application";
		};
/* End PBXNativeTarget section */

/* Begin PBXProject section */
		8E1D4B122BC7A3B600FBD1EA /* Project object */ = {
			isa = PBXProject;
			attributes = {
				BuildIndependentTargetsInParallel = 1;
				LastSwiftUpdateCheck = 1530;
				LastUpgradeCheck = 1530;
				TargetAttributes = {
					8E1D4B192BC7A3B600FBD1EA = {
						CreatedOnToolsVersion = 15.3;
					};
				};
			};
			buildConfigurationList = 8E1D4B152BC7A3B600FBD1EA /* Build configuration list for PBXProject "WishList" */;
			compatibilityVersion = "Xcode 14.0";
			developmentRegion = en;
			hasScannedForEncodings = 0;
			knownRegions = (
				en,
				Base,
			);
			mainGroup = 8E1D4B112BC7A3B600FBD1EA;
			productRefGroup = 8E1D4B1B2BC7A3B600FBD1EA /* Products */;
			projectDirPath = "";
			projectRoot = "";
			targets = (
				8E1D4B192BC7A3B600FBD1EA /* WishList */,
			);
		};
/* End PBXProject section */

/* Begin PBXResourcesBuildPhase section */
		8E1D4B182BC7A3B600FBD1EA /* Resources */ = {
			isa = PBXResourcesBuildPhase;
			buildActionMask = 2147483647;
			files = (
				8E1D4B272BC7A3B700FBD1EA /* Assets.xcassets in Resources */,
				8E1D4B2A2BC7A3B700FBD1EA /* Base in Resources */,
				8E1D4B252BC7A3B600FBD1EA /* Base in Resources */,
			);
			runOnlyForDeploymentPostprocessing = 0;
		};
/* End PBXResourcesBuildPhase section */

/* Begin PBXSourcesBuildPhase section */
		8E1D4B162BC7A3B600FBD1EA /* Sources */ = {
			isa = PBXSourcesBuildPhase;
			buildActionMask = 2147483647;
			files = (
				8E1D4B222BC7A3B600FBD1EA /* ViewController.swift in Sources */,
				8E1D4B1E2BC7A3B600FBD1EA /* AppDelegate.swift in Sources */,
				8EFBD3612BCE5E0600A2263C /* WishListPageView.swift in Sources */,
				8EB10D182BC96B590011E4D0 /* Model.xcdatamodeld in Sources */,
				8E1D4B332BC7A79100FBD1EA /* WishListModel.swift in Sources */,
				8E1D4B202BC7A3B600FBD1EA /* SceneDelegate.swift in Sources */,
			);
			runOnlyForDeploymentPostprocessing = 0;
		};
/* End PBXSourcesBuildPhase section */

/* Begin PBXVariantGroup section */
		8E1D4B232BC7A3B600FBD1EA /* Main.storyboard */ = {
			isa = PBXVariantGroup;
			children = (
				8E1D4B242BC7A3B600FBD1EA /* Base */,
			);
			name = Main.storyboard;
			sourceTree = "<group>";
		};
		8E1D4B282BC7A3B700FBD1EA /* LaunchScreen.storyboard */ = {
			isa = PBXVariantGroup;
			children = (
				8E1D4B292BC7A3B700FBD1EA /* Base */,
			);
			name = LaunchScreen.storyboard;
			sourceTree = "<group>";
		};
/* End PBXVariantGroup section */

/* Begin XCBuildConfiguration section */
		8E1D4B2C2BC7A3B700FBD1EA /* Debug */ = {
			isa = XCBuildConfiguration;
			buildSettings = {
				ALWAYS_SEARCH_USER_PATHS = NO;
				ASSETCATALOG_COMPILER_GENERATE_SWIFT_ASSET_SYMBOL_EXTENSIONS = YES;
				CLANG_ANALYZER_NONNULL = YES;
				CLANG_ANALYZER_NUMBER_OBJECT_CONVERSION = YES_AGGRESSIVE;
				CLANG_CXX_LANGUAGE_STANDARD = "gnu++20";
				CLANG_ENABLE_MODULES = YES;
				CLANG_ENABLE_OBJC_ARC = YES;
				CLANG_ENABLE_OBJC_WEAK = YES;
				CLANG_WARN_BLOCK_CAPTURE_AUTORELEASING = YES;
				CLANG_WARN_BOOL_CONVERSION = YES;
				CLANG_WARN_COMMA = YES;
				CLANG_WARN_CONSTANT_CONVERSION = YES;
				CLANG_WARN_DEPRECATED_OBJC_IMPLEMENTATIONS = YES;
				CLANG_WARN_DIRECT_OBJC_ISA_USAGE = YES_ERROR;
				CLANG_WARN_DOCUMENTATION_COMMENTS = YES;
				CLANG_WARN_EMPTY_BODY = YES;
				CLANG_WARN_ENUM_CONVERSION = YES;
				CLANG_WARN_INFINITE_RECURSION = YES;
				CLANG_WARN_INT_CONVERSION = YES;
				CLANG_WARN_NON_LITERAL_NULL_CONVERSION = YES;
				CLANG_WARN_OBJC_IMPLICIT_RETAIN_SELF = YES;
				CLANG_WARN_OBJC_LITERAL_CONVERSION = YES;
				CLANG_WARN_OBJC_ROOT_CLASS = YES_ERROR;
				CLANG_WARN_QUOTED_INCLUDE_IN_FRAMEWORK_HEADER = YES;
				CLANG_WARN_RANGE_LOOP_ANALYSIS = YES;
				CLANG_WARN_STRICT_PROTOTYPES = YES;
				CLANG_WARN_SUSPICIOUS_MOVE = YES;
				CLANG_WARN_UNGUARDED_AVAILABILITY = YES_AGGRESSIVE;
				CLANG_WARN_UNREACHABLE_CODE = YES;
				CLANG_WARN__DUPLICATE_METHOD_MATCH = YES;
				COPY_PHASE_STRIP = NO;
				DEBUG_INFORMATION_FORMAT = dwarf;
				ENABLE_STRICT_OBJC_MSGSEND = YES;
				ENABLE_TESTABILITY = YES;
				ENABLE_USER_SCRIPT_SANDBOXING = YES;
				GCC_C_LANGUAGE_STANDARD = gnu17;
				GCC_DYNAMIC_NO_PIC = NO;
				GCC_NO_COMMON_BLOCKS = YES;
				GCC_OPTIMIZATION_LEVEL = 0;
				GCC_PREPROCESSOR_DEFINITIONS = (
					"DEBUG=1",
					"$(inherited)",
				);
				GCC_WARN_64_TO_32_BIT_CONVERSION = YES;
				GCC_WARN_ABOUT_RETURN_TYPE = YES_ERROR;
				GCC_WARN_UNDECLARED_SELECTOR = YES;
				GCC_WARN_UNINITIALIZED_AUTOS = YES_AGGRESSIVE;
				GCC_WARN_UNUSED_FUNCTION = YES;
				GCC_WARN_UNUSED_VARIABLE = YES;
				IPHONEOS_DEPLOYMENT_TARGET = 17.4;
				LOCALIZATION_PREFERS_STRING_CATALOGS = YES;
				MTL_ENABLE_DEBUG_INFO = INCLUDE_SOURCE;
				MTL_FAST_MATH = YES;
				ONLY_ACTIVE_ARCH = YES;
				SDKROOT = iphoneos;
				SWIFT_ACTIVE_COMPILATION_CONDITIONS = "DEBUG $(inherited)";
				SWIFT_OPTIMIZATION_LEVEL = "-Onone";
			};
			name = Debug;
		};
		8E1D4B2D2BC7A3B700FBD1EA /* Release */ = {
			isa = XCBuildConfiguration;
			buildSettings = {
				ALWAYS_SEARCH_USER_PATHS = NO;
				ASSETCATALOG_COMPILER_GENERATE_SWIFT_ASSET_SYMBOL_EXTENSIONS = YES;
				CLANG_ANALYZER_NONNULL = YES;
				CLANG_ANALYZER_NUMBER_OBJECT_CONVERSION = YES_AGGRESSIVE;
				CLANG_CXX_LANGUAGE_STANDARD = "gnu++20";
				CLANG_ENABLE_MODULES = YES;
				CLANG_ENABLE_OBJC_ARC = YES;
				CLANG_ENABLE_OBJC_WEAK = YES;
				CLANG_WARN_BLOCK_CAPTURE_AUTORELEASING = YES;
				CLANG_WARN_BOOL_CONVERSION = YES;
				CLANG_WARN_COMMA = YES;
				CLANG_WARN_CONSTANT_CONVERSION = YES;
				CLANG_WARN_DEPRECATED_OBJC_IMPLEMENTATIONS = YES;
				CLANG_WARN_DIRECT_OBJC_ISA_USAGE = YES_ERROR;
				CLANG_WARN_DOCUMENTATION_COMMENTS = YES;
				CLANG_WARN_EMPTY_BODY = YES;
				CLANG_WARN_ENUM_CONVERSION = YES;
				CLANG_WARN_INFINITE_RECURSION = YES;
				CLANG_WARN_INT_CONVERSION = YES;
				CLANG_WARN_NON_LITERAL_NULL_CONVERSION = YES;
				CLANG_WARN_OBJC_IMPLICIT_RETAIN_SELF = YES;
				CLANG_WARN_OBJC_LITERAL_CONVERSION = YES;
				CLANG_WARN_OBJC_ROOT_CLASS = YES_ERROR;
				CLANG_WARN_QUOTED_INCLUDE_IN_FRAMEWORK_HEADER = YES;
				CLANG_WARN_RANGE_LOOP_ANALYSIS = YES;
				CLANG_WARN_STRICT_PROTOTYPES = YES;
				CLANG_WARN_SUSPICIOUS_MOVE = YES;
				CLANG_WARN_UNGUARDED_AVAILABILITY = YES_AGGRESSIVE;
				CLANG_WARN_UNREACHABLE_CODE = YES;
				CLANG_WARN__DUPLICATE_METHOD_MATCH = YES;
				COPY_PHASE_STRIP = NO;
				DEBUG_INFORMATION_FORMAT = "dwarf-with-dsym";
				ENABLE_NS_ASSERTIONS = NO;
				ENABLE_STRICT_OBJC_MSGSEND = YES;
				ENABLE_USER_SCRIPT_SANDBOXING = YES;
				GCC_C_LANGUAGE_STANDARD = gnu17;
				GCC_NO_COMMON_BLOCKS = YES;
				GCC_WARN_64_TO_32_BIT_CONVERSION = YES;
				GCC_WARN_ABOUT_RETURN_TYPE = YES_ERROR;
				GCC_WARN_UNDECLARED_SELECTOR = YES;
				GCC_WARN_UNINITIALIZED_AUTOS = YES_AGGRESSIVE;
				GCC_WARN_UNUSED_FUNCTION = YES;
				GCC_WARN_UNUSED_VARIABLE = YES;
				IPHONEOS_DEPLOYMENT_TARGET = 17.4;
				LOCALIZATION_PREFERS_STRING_CATALOGS = YES;
				MTL_ENABLE_DEBUG_INFO = NO;
				MTL_FAST_MATH = YES;
				SDKROOT = iphoneos;
				SWIFT_COMPILATION_MODE = wholemodule;
				VALIDATE_PRODUCT = YES;
			};
			name = Release;
		};
		8E1D4B2F2BC7A3B700FBD1EA /* Debug */ = {
			isa = XCBuildConfiguration;
			buildSettings = {
				ASSETCATALOG_COMPILER_APPICON_NAME = AppIcon;
				ASSETCATALOG_COMPILER_GLOBAL_ACCENT_COLOR_NAME = AccentColor;
				CODE_SIGN_STYLE = Automatic;
				CURRENT_PROJECT_VERSION = 1;
				DEVELOPMENT_TEAM = FPYJAG45SA;
				GENERATE_INFOPLIST_FILE = YES;
				INFOPLIST_FILE = WishList/Info.plist;
				INFOPLIST_KEY_UIApplicationSupportsIndirectInputEvents = YES;
				INFOPLIST_KEY_UILaunchStoryboardName = LaunchScreen;
				INFOPLIST_KEY_UIMainStoryboardFile = Main;
				INFOPLIST_KEY_UISupportedInterfaceOrientations_iPad = "UIInterfaceOrientationPortrait UIInterfaceOrientationPortraitUpsideDown UIInterfaceOrientationLandscapeLeft UIInterfaceOrientationLandscapeRight";
				INFOPLIST_KEY_UISupportedInterfaceOrientations_iPhone = "UIInterfaceOrientationPortrait UIInterfaceOrientationLandscapeLeft UIInterfaceOrientationLandscapeRight";
				LD_RUNPATH_SEARCH_PATHS = (
					"$(inherited)",
					"@executable_path/Frameworks",
				);
				MARKETING_VERSION = 1.0;
				PRODUCT_BUNDLE_IDENTIFIER = com.saengle.WishList;
				PRODUCT_NAME = "$(TARGET_NAME)";
				SWIFT_EMIT_LOC_STRINGS = YES;
				SWIFT_VERSION = 5.0;
				TARGETED_DEVICE_FAMILY = "1,2";
			};
			name = Debug;
		};
		8E1D4B302BC7A3B700FBD1EA /* Release */ = {
			isa = XCBuildConfiguration;
			buildSettings = {
				ASSETCATALOG_COMPILER_APPICON_NAME = AppIcon;
				ASSETCATALOG_COMPILER_GLOBAL_ACCENT_COLOR_NAME = AccentColor;
				CODE_SIGN_STYLE = Automatic;
				CURRENT_PROJECT_VERSION = 1;
				DEVELOPMENT_TEAM = FPYJAG45SA;
				GENERATE_INFOPLIST_FILE = YES;
				INFOPLIST_FILE = WishList/Info.plist;
				INFOPLIST_KEY_UIApplicationSupportsIndirectInputEvents = YES;
				INFOPLIST_KEY_UILaunchStoryboardName = LaunchScreen;
				INFOPLIST_KEY_UIMainStoryboardFile = Main;
				INFOPLIST_KEY_UISupportedInterfaceOrientations_iPad = "UIInterfaceOrientationPortrait UIInterfaceOrientationPortraitUpsideDown UIInterfaceOrientationLandscapeLeft UIInterfaceOrientationLandscapeRight";
				INFOPLIST_KEY_UISupportedInterfaceOrientations_iPhone = "UIInterfaceOrientationPortrait UIInterfaceOrientationLandscapeLeft UIInterfaceOrientationLandscapeRight";
				LD_RUNPATH_SEARCH_PATHS = (
					"$(inherited)",
					"@executable_path/Frameworks",
				);
				MARKETING_VERSION = 1.0;
				PRODUCT_BUNDLE_IDENTIFIER = com.saengle.WishList;
				PRODUCT_NAME = "$(TARGET_NAME)";
				SWIFT_EMIT_LOC_STRINGS = YES;
				SWIFT_VERSION = 5.0;
				TARGETED_DEVICE_FAMILY = "1,2";
			};
			name = Release;
		};
/* End XCBuildConfiguration section */

/* Begin XCConfigurationList section */
		8E1D4B152BC7A3B600FBD1EA /* Build configuration list for PBXProject "WishList" */ = {
			isa = XCConfigurationList;
			buildConfigurations = (
				8E1D4B2C2BC7A3B700FBD1EA /* Debug */,
				8E1D4B2D2BC7A3B700FBD1EA /* Release */,
			);
			defaultConfigurationIsVisible = 0;
			defaultConfigurationName = Release;
		};
		8E1D4B2E2BC7A3B700FBD1EA /* Build configuration list for PBXNativeTarget "WishList" */ = {
			isa = XCConfigurationList;
			buildConfigurations = (
				8E1D4B2F2BC7A3B700FBD1EA /* Debug */,
				8E1D4B302BC7A3B700FBD1EA /* Release */,
			);
			defaultConfigurationIsVisible = 0;
			defaultConfigurationName = Release;
		};
/* End XCConfigurationList section */

/* Begin XCVersionGroup section */
		8EB10D162BC96B590011E4D0 /* Model.xcdatamodeld */ = {
			isa = XCVersionGroup;
			children = (
				8EB10D172BC96B590011E4D0 /* Model.xcdatamodel */,
			);
			currentVersion = 8EB10D172BC96B590011E4D0 /* Model.xcdatamodel */;
			name = Model.xcdatamodeld;
			path = /Users/ssaeng/Desktop/saeng/tomorrowLearnCamp/4/WishList/WishList/Model.xcdatamodeld;
			sourceTree = "<group>";
			versionGroupType = wrapper.xcdatamodel;
		};
/* End XCVersionGroup section */
	};
	rootObject = 8E1D4B122BC7A3B600FBD1EA /* Project object */;
}
